
Microsoft Visual Studio Solution File, Format Version 12.00
# Visual Studio Version 17
VisualStudioVersion = 17.0.31903.59
MinimumVisualStudioVersion = 10.0.40219.1
Project("{9A19103F-16F7-4668-BE54-9A1E7A4F7556}") = "ConsultaCepLambda", "src\ConsultaCepLambda\ConsultaCepLambda.csproj", "{B6DC9D65-B428-4074-BD6C-22D045E08AD8}"
EndProject
Project("{9A19103F-16F7-4668-BE54-9A1E7A4F7556}") = "ConsultaCepLambda.Tests", "test\ConsultaCepLambda.Tests\ConsultaCepLambda.Tests.csproj", "{C62F9873-B530-408B-BAF0-7C4C8796B84A}"
EndProject
Project("{FAE04EC0-301F-11D3-BF4B-00C04F79EFBC}") = "ConsultaCep.Domain", "ConsultaCep.Domain\ConsultaCep.Domain.csproj", "{EF2FED03-8775-4E3B-A862-8084E9C3BE6E}"
EndProject
Project("{FAE04EC0-301F-11D3-BF4B-00C04F79EFBC}") = "ConsultaCep.Infrastructure", "ConsultaCep.Infrastructure\ConsultaCep.Infrastructure.csproj", "{6810D914-BC42-4018-964A-4B7FDA6B4FFB}"
EndProject
Project("{FAE04EC0-301F-11D3-BF4B-00C04F79EFBC}") = "ConsultaCep.Application", "ConsultaCep.Application\ConsultaCep.Application.csproj", "{60D0B9EA-ECDE-40AD-A91D-BCDA5F16E891}"
EndProject
Global
	GlobalSection(SolutionConfigurationPlatforms) = preSolution
		Debug|Any CPU = Debug|Any CPU
		Release|Any CPU = Release|Any CPU
	EndGlobalSection
	GlobalSection(ProjectConfigurationPlatforms) = postSolution
		{B6DC9D65-B428-4074-BD6C-22D045E08AD8}.Debug|Any CPU.ActiveCfg = Debug|Any CPU
		{B6DC9D65-B428-4074-BD6C-22D045E08AD8}.Debug|Any CPU.Build.0 = Debug|Any CPU
		{B6DC9D65-B428-4074-BD6C-22D045E08AD8}.Release|Any CPU.ActiveCfg = Release|Any CPU
		{B6DC9D65-B428-4074-BD6C-22D045E08AD8}.Release|Any CPU.Build.0 = Release|Any CPU
		{C62F9873-B530-408B-BAF0-7C4C8796B84A}.Debug|Any CPU.ActiveCfg = Debug|Any CPU
		{C62F9873-B530-408B-BAF0-7C4C8796B84A}.Debug|Any CPU.Build.0 = Debug|Any CPU
		{C62F9873-B530-408B-BAF0-7C4C8796B84A}.Release|Any CPU.ActiveCfg = Release|Any CPU
		{C62F9873-B530-408B-BAF0-7C4C8796B84A}.Release|Any CPU.Build.0 = Release|Any CPU
		{EF2FED03-8775-4E3B-A862-8084E9C3BE6E}.Debug|Any CPU.ActiveCfg = Debug|Any CPU
		{EF2FED03-8775-4E3B-A862-8084E9C3BE6E}.Debug|Any CPU.Build.0 = Debug|Any CPU
		{EF2FED03-8775-4E3B-A862-8084E9C3BE6E}.Release|Any CPU.ActiveCfg = Release|Any CPU
		{EF2FED03-8775-4E3B-A862-8084E9C3BE6E}.Release|Any CPU.Build.0 = Release|Any CPU
		{6810D914-BC42-4018-964A-4B7FDA6B4FFB}.Debug|Any CPU.ActiveCfg = Debug|Any CPU
		{6810D914-BC42-4018-964A-4B7FDA6B4FFB}.Debug|Any CPU.Build.0 = Debug|Any CPU
		{6810D914-BC42-4018-964A-4B7FDA6B4FFB}.Release|Any CPU.ActiveCfg = Release|Any CPU
		{6810D914-BC42-4018-964A-4B7FDA6B4FFB}.Release|Any CPU.Build.0 = Release|Any CPU
		{60D0B9EA-ECDE-40AD-A91D-BCDA5F16E891}.Debug|Any CPU.ActiveCfg = Debug|Any CPU
		{60D0B9EA-ECDE-40AD-A91D-BCDA5F16E891}.Debug|Any CPU.Build.0 = Debug|Any CPU
		{60D0B9EA-ECDE-40AD-A91D-BCDA5F16E891}.Release|Any CPU.ActiveCfg = Release|Any CPU
		{60D0B9EA-ECDE-40AD-A91D-BCDA5F16E891}.Release|Any CPU.Build.0 = Release|Any CPU
	EndGlobalSection
	GlobalSection(SolutionProperties) = preSolution
		HideSolutionNode = FALSE
	EndGlobalSection
	GlobalSection(ExtensibilityGlobals) = postSolution
		SolutionGuid = {9C577AA6-7368-480B-8316-3CCEDA56D2A2}
	EndGlobalSection
EndGlobal
